
Microsoft Visual Studio Solution File, Format Version 12.00
# Visual Studio Version 17
VisualStudioVersion = 17.0.32014.148
MinimumVisualStudioVersion = 10.0.40219.1
Project("{FAE04EC0-301F-11D3-BF4B-00C04F79EFBC}") = "RoeeAmzaleg_HWS_Generics", "RoeeAmzaleg_HWS_Generics\RoeeAmzaleg_HWS_Generics.csproj", "{A3D77D11-E33D-48A0-A5F6-0B56E62C06B9}"
EndProject
Global
	GlobalSection(SolutionConfigurationPlatforms) = preSolution
		Debug|Any CPU = Debug|Any CPU
		Release|Any CPU = Release|Any CPU
	EndGlobalSection
	GlobalSection(ProjectConfigurationPlatforms) = postSolution
		{A3D77D11-E33D-48A0-A5F6-0B56E62C06B9}.Debug|Any CPU.ActiveCfg = Debug|Any CPU
		{A3D77D11-E33D-48A0-A5F6-0B56E62C06B9}.Debug|Any CPU.Build.0 = Debug|Any CPU
		{A3D77D11-E33D-48A0-A5F6-0B56E62C06B9}.Release|Any CPU.ActiveCfg = Release|Any CPU
		{A3D77D11-E33D-48A0-A5F6-0B56E62C06B9}.Release|Any CPU.Build.0 = Release|Any CPU
	EndGlobalSection
	GlobalSection(SolutionProperties) = preSolution
		HideSolutionNode = FALSE
	EndGlobalSection
	GlobalSection(ExtensibilityGlobals) = postSolution
		SolutionGuid = {BB5A2D54-4ACB-4ADB-AA86-AFD807DDCAD7}
	EndGlobalSection
EndGlobal
